{
  "name": "material-apex",
  "version": "0.11.1",
  "lockfileVersion": 1,
  "requires": true,
  "dependencies": {
    "hammerjs": {
      "version": "2.0.8",
      "resolved": "https://registry.npmjs.org/hammerjs/-/hammerjs-2.0.8.tgz",
      "integrity": "sha1-BO93hiz/K7edMPdpIJWTAiK/YPE="
    },
    "jquery": {
      "version": "3.2.1",
      "resolved": "https://registry.npmjs.org/jquery/-/jquery-3.2.1.tgz",
      "integrity": "sha1-XE2d5lKvbNCncBVKYxu6ErAVx4c="
    },
    "material-design-icons": {
      "version": "3.0.1",
      "resolved": "https://registry.npmjs.org/material-design-icons/-/material-design-icons-3.0.1.tgz",
      "integrity": "sha1-mnHEh0chjrylHlGmbaaCA4zct78="
    },
    "materialize-css": {
      "version": "0.100.2",
      "resolved": "https://registry.npmjs.org/materialize-css/-/materialize-css-0.100.2.tgz",
      "integrity": "sha512-Bf4YeoJCIdk4dlpnmVX+DIOJBbqOKwfBPD+tT5bxwXNFMLk649CGbldqtnctkkfMp+fGgSAsdYu9lo1ZolZqgA==",
      "requires": {
        "hammerjs": "2.0.8",
        "jquery": "3.2.1"
      }
    }
  }
}
